
Microsoft Visual Studio Solution File, Format Version 12.00
# Visual Studio Version 16
VisualStudioVersion = 16.0.30413.136
MinimumVisualStudioVersion = 10.0.40219.1
Project("{9A19103F-16F7-4668-BE54-9A1E7A4F7556}") = "QuickFormatPaste", "QuickFormatPaste\QuickFormatPaste.csproj", "{3D30F049-6774-4B01-A25E-FA9709FA027A}"
EndProject
Project("{2150E333-8FDC-42A3-9474-1A3956D46DE8}") = "Solution Items", "Solution Items", "{B500EB6D-E34E-4FC4-B82D-3C52118ABBA8}"
	ProjectSection(SolutionItems) = preProject
		Точечный рисунок1.bmp = Точечный рисунок1.bmp
	EndProjectSection
EndProject
Global
	GlobalSection(SolutionConfigurationPlatforms) = preSolution
		Debug|Any CPU = Debug|Any CPU
		Release|Any CPU = Release|Any CPU
	EndGlobalSection
	GlobalSection(ProjectConfigurationPlatforms) = postSolution
		{3D30F049-6774-4B01-A25E-FA9709FA027A}.Debug|Any CPU.ActiveCfg = Debug|Any CPU
		{3D30F049-6774-4B01-A25E-FA9709FA027A}.Debug|Any CPU.Build.0 = Debug|Any CPU
		{3D30F049-6774-4B01-A25E-FA9709FA027A}.Release|Any CPU.ActiveCfg = Release|Any CPU
		{3D30F049-6774-4B01-A25E-FA9709FA027A}.Release|Any CPU.Build.0 = Release|Any CPU
	EndGlobalSection
	GlobalSection(SolutionProperties) = preSolution
		HideSolutionNode = FALSE
	EndGlobalSection
	GlobalSection(ExtensibilityGlobals) = postSolution
		SolutionGuid = {8D9C14A0-0135-44C4-A981-3E3E8EDC29E5}
	EndGlobalSection
EndGlobal
